// !$*UTF8*$!
{
	archiveVersion = 1;
	classes = {
	};
	objectVersion = 56;
	objects = {

/* Begin PBXBuildFile section */
		442344902902AA96005E57D6 /* AppDelegate.swift in Sources */ = {isa = PBXBuildFile; fileRef = 4423448F2902AA96005E57D6 /* AppDelegate.swift */; };
		442344922902AA96005E57D6 /* SceneDelegate.swift in Sources */ = {isa = PBXBuildFile; fileRef = 442344912902AA96005E57D6 /* SceneDelegate.swift */; };
		442344942902AA96005E57D6 /* OverviewController.swift in Sources */ = {isa = PBXBuildFile; fileRef = 442344932902AA96005E57D6 /* OverviewController.swift */; };
		442344992902AA97005E57D6 /* Assets.xcassets in Resources */ = {isa = PBXBuildFile; fileRef = 442344982902AA97005E57D6 /* Assets.xcassets */; };
		4423449C2902AA97005E57D6 /* LaunchScreen.storyboard in Resources */ = {isa = PBXBuildFile; fileRef = 4423449A2902AA97005E57D6 /* LaunchScreen.storyboard */; };
		4479A574290674B20051DADE /* NavBarController.swift in Sources */ = {isa = PBXBuildFile; fileRef = 4479A573290674B20051DADE /* NavBarController.swift */; };
		4479A5772906788B0051DADE /* BaseController.swift in Sources */ = {isa = PBXBuildFile; fileRef = 4479A5762906788B0051DADE /* BaseController.swift */; };
		4479A57929067A8F0051DADE /* UIView + extension.swift in Sources */ = {isa = PBXBuildFile; fileRef = 4479A57829067A8F0051DADE /* UIView + extension.swift */; };
		4479A58029067BF30051DADE /* SettingsController.swift in Sources */ = {isa = PBXBuildFile; fileRef = 4479A57F29067BF30051DADE /* SettingsController.swift */; };
		4479A58229067C190051DADE /* ProgressController.swift in Sources */ = {isa = PBXBuildFile; fileRef = 4479A58129067C190051DADE /* ProgressController.swift */; };
		4479A58429067C450051DADE /* SessionController.swift in Sources */ = {isa = PBXBuildFile; fileRef = 4479A58329067C450051DADE /* SessionController.swift */; };
		4479A5B02906A8C40051DADE /* WAButton.swift in Sources */ = {isa = PBXBuildFile; fileRef = 4479A5AF2906A8C40051DADE /* WAButton.swift */; };
		4479A5B22906C5580051DADE /* OverviewNavBar.swift in Sources */ = {isa = PBXBuildFile; fileRef = 4479A5B12906C5580051DADE /* OverviewNavBar.swift */; };
		4479A5B42906C5850051DADE /* BaseView.swift in Sources */ = {isa = PBXBuildFile; fileRef = 4479A5B32906C5850051DADE /* BaseView.swift */; };
		4494861E2902D80800A483DA /* TabBarController.swift in Sources */ = {isa = PBXBuildFile; fileRef = 4494861D2902D80800A483DA /* TabBarController.swift */; };
		449486212902DC5E00A483DA /* UIcolor + extension.swift in Sources */ = {isa = PBXBuildFile; fileRef = 449486202902DC5E00A483DA /* UIcolor + extension.swift */; };
		449486242902DFE500A483DA /* Resources.swift in Sources */ = {isa = PBXBuildFile; fileRef = 449486232902DFE500A483DA /* Resources.swift */; };
		44AB1199291152020056D78A /* TimerView.swift in Sources */ = {isa = PBXBuildFile; fileRef = 44AB1198291152020056D78A /* TimerView.swift */; };
		44AB119B291152F20056D78A /* ProgressView.swift in Sources */ = {isa = PBXBuildFile; fileRef = 44AB119A291152F20056D78A /* ProgressView.swift */; };
		44D34EE6290A5C3B00A3B3AA /* WeekView.swift in Sources */ = {isa = PBXBuildFile; fileRef = 44D34EE5290A5C3B00A3B3AA /* WeekView.swift */; };
		44D34EE8290A610200A3B3AA /* WeekdayView.swift in Sources */ = {isa = PBXBuildFile; fileRef = 44D34EE7290A610200A3B3AA /* WeekdayView.swift */; };
		44D34EEA290A6B7300A3B3AA /* Date + extension.swift in Sources */ = {isa = PBXBuildFile; fileRef = 44D34EE9290A6B7300A3B3AA /* Date + extension.swift */; };
		44D34EED290A880400A3B3AA /* WABaseInfoView.swift in Sources */ = {isa = PBXBuildFile; fileRef = 44D34EEC290A880400A3B3AA /* WABaseInfoView.swift */; };
/* End PBXBuildFile section */

/* Begin PBXFileReference section */
		4423448C2902AA96005E57D6 /* Training app.app */ = {isa = PBXFileReference; explicitFileType = wrapper.application; includeInIndex = 0; path = "Training app.app"; sourceTree = BUILT_PRODUCTS_DIR; };
		4423448F2902AA96005E57D6 /* AppDelegate.swift */ = {isa = PBXFileReference; lastKnownFileType = sourcecode.swift; path = AppDelegate.swift; sourceTree = "<group>"; };
		442344912902AA96005E57D6 /* SceneDelegate.swift */ = {isa = PBXFileReference; lastKnownFileType = sourcecode.swift; path = SceneDelegate.swift; sourceTree = "<group>"; };
		442344932902AA96005E57D6 /* OverviewController.swift */ = {isa = PBXFileReference; lastKnownFileType = sourcecode.swift; path = OverviewController.swift; sourceTree = "<group>"; };
		442344982902AA97005E57D6 /* Assets.xcassets */ = {isa = PBXFileReference; lastKnownFileType = folder.assetcatalog; path = Assets.xcassets; sourceTree = "<group>"; };
		4423449B2902AA97005E57D6 /* Base */ = {isa = PBXFileReference; lastKnownFileType = file.storyboard; name = Base; path = Base.lproj/LaunchScreen.storyboard; sourceTree = "<group>"; };
		4423449D2902AA97005E57D6 /* Info.plist */ = {isa = PBXFileReference; lastKnownFileType = text.plist.xml; path = Info.plist; sourceTree = "<group>"; };
		4479A573290674B20051DADE /* NavBarController.swift */ = {isa = PBXFileReference; lastKnownFileType = sourcecode.swift; path = NavBarController.swift; sourceTree = "<group>"; };
		4479A5762906788B0051DADE /* BaseController.swift */ = {isa = PBXFileReference; lastKnownFileType = sourcecode.swift; path = BaseController.swift; sourceTree = "<group>"; };
		4479A57829067A8F0051DADE /* UIView + extension.swift */ = {isa = PBXFileReference; lastKnownFileType = sourcecode.swift; path = "UIView + extension.swift"; sourceTree = "<group>"; };
		4479A57F29067BF30051DADE /* SettingsController.swift */ = {isa = PBXFileReference; lastKnownFileType = sourcecode.swift; path = SettingsController.swift; sourceTree = "<group>"; };
		4479A58129067C190051DADE /* ProgressController.swift */ = {isa = PBXFileReference; lastKnownFileType = sourcecode.swift; path = ProgressController.swift; sourceTree = "<group>"; };
		4479A58329067C450051DADE /* SessionController.swift */ = {isa = PBXFileReference; lastKnownFileType = sourcecode.swift; path = SessionController.swift; sourceTree = "<group>"; };
		4479A5AF2906A8C40051DADE /* WAButton.swift */ = {isa = PBXFileReference; lastKnownFileType = sourcecode.swift; path = WAButton.swift; sourceTree = "<group>"; };
		4479A5B12906C5580051DADE /* OverviewNavBar.swift */ = {isa = PBXFileReference; lastKnownFileType = sourcecode.swift; path = OverviewNavBar.swift; sourceTree = "<group>"; };
		4479A5B32906C5850051DADE /* BaseView.swift */ = {isa = PBXFileReference; lastKnownFileType = sourcecode.swift; path = BaseView.swift; sourceTree = "<group>"; };
		4494861D2902D80800A483DA /* TabBarController.swift */ = {isa = PBXFileReference; lastKnownFileType = sourcecode.swift; path = TabBarController.swift; sourceTree = "<group>"; };
		449486202902DC5E00A483DA /* UIcolor + extension.swift */ = {isa = PBXFileReference; lastKnownFileType = sourcecode.swift; path = "UIcolor + extension.swift"; sourceTree = "<group>"; };
		449486232902DFE500A483DA /* Resources.swift */ = {isa = PBXFileReference; lastKnownFileType = sourcecode.swift; path = Resources.swift; sourceTree = "<group>"; };
		44AB1198291152020056D78A /* TimerView.swift */ = {isa = PBXFileReference; lastKnownFileType = sourcecode.swift; path = TimerView.swift; sourceTree = "<group>"; };
		44AB119A291152F20056D78A /* ProgressView.swift */ = {isa = PBXFileReference; lastKnownFileType = sourcecode.swift; path = ProgressView.swift; sourceTree = "<group>"; };
		44D34EE5290A5C3B00A3B3AA /* WeekView.swift */ = {isa = PBXFileReference; lastKnownFileType = sourcecode.swift; path = WeekView.swift; sourceTree = "<group>"; };
		44D34EE7290A610200A3B3AA /* WeekdayView.swift */ = {isa = PBXFileReference; lastKnownFileType = sourcecode.swift; path = WeekdayView.swift; sourceTree = "<group>"; };
		44D34EE9290A6B7300A3B3AA /* Date + extension.swift */ = {isa = PBXFileReference; lastKnownFileType = sourcecode.swift; path = "Date + extension.swift"; sourceTree = "<group>"; };
		44D34EEC290A880400A3B3AA /* WABaseInfoView.swift */ = {isa = PBXFileReference; lastKnownFileType = sourcecode.swift; path = WABaseInfoView.swift; sourceTree = "<group>"; };
/* End PBXFileReference section */

/* Begin PBXFrameworksBuildPhase section */
		442344892902AA96005E57D6 /* Frameworks */ = {
			isa = PBXFrameworksBuildPhase;
			buildActionMask = 2147483647;
			files = (
			);
			runOnlyForDeploymentPostprocessing = 0;
		};
/* End PBXFrameworksBuildPhase section */

/* Begin PBXGroup section */
		442344832902AA96005E57D6 = {
			isa = PBXGroup;
			children = (
				4423448E2902AA96005E57D6 /* Training app */,
				4423448D2902AA96005E57D6 /* Products */,
			);
			sourceTree = "<group>";
		};
		4423448D2902AA96005E57D6 /* Products */ = {
			isa = PBXGroup;
			children = (
				4423448C2902AA96005E57D6 /* Training app.app */,
			);
			name = Products;
			sourceTree = "<group>";
		};
		4423448E2902AA96005E57D6 /* Training app */ = {
			isa = PBXGroup;
			children = (
				4494861F2902DC4200A483DA /* Helpers */,
				442344A32902AADE005E57D6 /* Application */,
				4479A5752906786E0051DADE /* Controllers */,
				442344A42902AAFF005E57D6 /* SupportingFiles */,
			);
			path = "Training app";
			sourceTree = "<group>";
		};
		442344A32902AADE005E57D6 /* Application */ = {
			isa = PBXGroup;
			children = (
				442344912902AA96005E57D6 /* SceneDelegate.swift */,
				4423448F2902AA96005E57D6 /* AppDelegate.swift */,
			);
			path = Application;
			sourceTree = "<group>";
		};
		442344A42902AAFF005E57D6 /* SupportingFiles */ = {
			isa = PBXGroup;
			children = (
				442344982902AA97005E57D6 /* Assets.xcassets */,
				4423449A2902AA97005E57D6 /* LaunchScreen.storyboard */,
				4423449D2902AA97005E57D6 /* Info.plist */,
			);
			path = SupportingFiles;
			sourceTree = "<group>";
		};
		4479A5752906786E0051DADE /* Controllers */ = {
			isa = PBXGroup;
			children = (
				4479A57E29067BDC0051DADE /* Settings */,
				4479A57D29067BD80051DADE /* Progress */,
				4479A57C29067BD20051DADE /* Session */,
				4479A57B29067BC70051DADE /* Overview */,
				4479A57A29067BB50051DADE /* Base */,
			);
			path = Controllers;
			sourceTree = "<group>";
		};
		4479A57A29067BB50051DADE /* Base */ = {
			isa = PBXGroup;
			children = (
				44D34EEB290A87E900A3B3AA /* Base */,
				4494861D2902D80800A483DA /* TabBarController.swift */,
				4479A573290674B20051DADE /* NavBarController.swift */,
				4479A5762906788B0051DADE /* BaseController.swift */,
				4479A5B32906C5850051DADE /* BaseView.swift */,
			);
			path = Base;
			sourceTree = "<group>";
		};
		4479A57B29067BC70051DADE /* Overview */ = {
			isa = PBXGroup;
			children = (
				4479A5AE2906A89D0051DADE /* Views */,
				442344932902AA96005E57D6 /* OverviewController.swift */,
			);
			path = Overview;
			sourceTree = "<group>";
		};
		4479A57C29067BD20051DADE /* Session */ = {
			isa = PBXGroup;
			children = (
				44AB1197291151ED0056D78A /* Views */,
				4479A58329067C450051DADE /* SessionController.swift */,
			);
			path = Session;
			sourceTree = "<group>";
		};
		4479A57D29067BD80051DADE /* Progress */ = {
			isa = PBXGroup;
			children = (
				4479A58129067C190051DADE /* ProgressController.swift */,
			);
			path = Progress;
			sourceTree = "<group>";
		};
		4479A57E29067BDC0051DADE /* Settings */ = {
			isa = PBXGroup;
			children = (
				4479A57F29067BF30051DADE /* SettingsController.swift */,
			);
			path = Settings;
			sourceTree = "<group>";
		};
		4479A5AE2906A89D0051DADE /* Views */ = {
			isa = PBXGroup;
			children = (
				44D34EE4290A5C2100A3B3AA /* WeekView */,
				4479A5B12906C5580051DADE /* OverviewNavBar.swift */,
			);
			path = Views;
			sourceTree = "<group>";
		};
		4494861F2902DC4200A483DA /* Helpers */ = {
			isa = PBXGroup;
			children = (
				449486222902DC6600A483DA /* Extensions */,
				449486232902DFE500A483DA /* Resources.swift */,
			);
			path = Helpers;
			sourceTree = "<group>";
		};
		449486222902DC6600A483DA /* Extensions */ = {
			isa = PBXGroup;
			children = (
				449486202902DC5E00A483DA /* UIcolor + extension.swift */,
				4479A57829067A8F0051DADE /* UIView + extension.swift */,
				44D34EE9290A6B7300A3B3AA /* Date + extension.swift */,
			);
			path = Extensions;
			sourceTree = "<group>";
		};
		44AB1197291151ED0056D78A /* Views */ = {
			isa = PBXGroup;
			children = (
				44AB119C291152FE0056D78A /* Timer */,
			);
			path = Views;
			sourceTree = "<group>";
		};
		44AB119C291152FE0056D78A /* Timer */ = {
			isa = PBXGroup;
			children = (
				44AB1198291152020056D78A /* TimerView.swift */,
				44AB119A291152F20056D78A /* ProgressView.swift */,
			);
			path = Timer;
			sourceTree = "<group>";
		};
		44D34EE4290A5C2100A3B3AA /* WeekView */ = {
			isa = PBXGroup;
			children = (
				44D34EE5290A5C3B00A3B3AA /* WeekView.swift */,
				44D34EE7290A610200A3B3AA /* WeekdayView.swift */,
			);
			path = WeekView;
			sourceTree = "<group>";
		};
		44D34EEB290A87E900A3B3AA /* Base */ = {
			isa = PBXGroup;
			children = (
				44D34EEC290A880400A3B3AA /* WABaseInfoView.swift */,
				4479A5AF2906A8C40051DADE /* WAButton.swift */,
			);
			path = Base;
			sourceTree = "<group>";
		};
/* End PBXGroup section */

/* Begin PBXNativeTarget section */
		4423448B2902AA96005E57D6 /* Training app */ = {
			isa = PBXNativeTarget;
			buildConfigurationList = 442344A02902AA97005E57D6 /* Build configuration list for PBXNativeTarget "Training app" */;
			buildPhases = (
				442344882902AA96005E57D6 /* Sources */,
				442344892902AA96005E57D6 /* Frameworks */,
				4423448A2902AA96005E57D6 /* Resources */,
			);
			buildRules = (
			);
			dependencies = (
			);
			name = "Training app";
			productName = "Training app";
			productReference = 4423448C2902AA96005E57D6 /* Training app.app */;
			productType = "com.apple.product-type.application";
		};
/* End PBXNativeTarget section */

/* Begin PBXProject section */
		442344842902AA96005E57D6 /* Project object */ = {
			isa = PBXProject;
			attributes = {
				BuildIndependentTargetsInParallel = 1;
				LastSwiftUpdateCheck = 1400;
				LastUpgradeCheck = 1400;
				TargetAttributes = {
					4423448B2902AA96005E57D6 = {
						CreatedOnToolsVersion = 14.0.1;
					};
				};
			};
			buildConfigurationList = 442344872902AA96005E57D6 /* Build configuration list for PBXProject "Training app" */;
			compatibilityVersion = "Xcode 14.0";
			developmentRegion = en;
			hasScannedForEncodings = 0;
			knownRegions = (
				en,
				Base,
			);
			mainGroup = 442344832902AA96005E57D6;
			productRefGroup = 4423448D2902AA96005E57D6 /* Products */;
			projectDirPath = "";
			projectRoot = "";
			targets = (
				4423448B2902AA96005E57D6 /* Training app */,
			);
		};
/* End PBXProject section */

/* Begin PBXResourcesBuildPhase section */
		4423448A2902AA96005E57D6 /* Resources */ = {
			isa = PBXResourcesBuildPhase;
			buildActionMask = 2147483647;
			files = (
				4423449C2902AA97005E57D6 /* LaunchScreen.storyboard in Resources */,
				442344992902AA97005E57D6 /* Assets.xcassets in Resources */,
			);
			runOnlyForDeploymentPostprocessing = 0;
		};
/* End PBXResourcesBuildPhase section */

/* Begin PBXSourcesBuildPhase section */
		442344882902AA96005E57D6 /* Sources */ = {
			isa = PBXSourcesBuildPhase;
			buildActionMask = 2147483647;
			files = (
				44D34EE6290A5C3B00A3B3AA /* WeekView.swift in Sources */,
				442344942902AA96005E57D6 /* OverviewController.swift in Sources */,
				4494861E2902D80800A483DA /* TabBarController.swift in Sources */,
				44AB1199291152020056D78A /* TimerView.swift in Sources */,
				4479A5B22906C5580051DADE /* OverviewNavBar.swift in Sources */,
				4479A57929067A8F0051DADE /* UIView + extension.swift in Sources */,
				442344902902AA96005E57D6 /* AppDelegate.swift in Sources */,
				4479A58029067BF30051DADE /* SettingsController.swift in Sources */,
				4479A58229067C190051DADE /* ProgressController.swift in Sources */,
				4479A5B02906A8C40051DADE /* WAButton.swift in Sources */,
				44D34EED290A880400A3B3AA /* WABaseInfoView.swift in Sources */,
				44AB119B291152F20056D78A /* ProgressView.swift in Sources */,
				4479A574290674B20051DADE /* NavBarController.swift in Sources */,
				449486242902DFE500A483DA /* Resources.swift in Sources */,
				44D34EEA290A6B7300A3B3AA /* Date + extension.swift in Sources */,
				442344922902AA96005E57D6 /* SceneDelegate.swift in Sources */,
				4479A5772906788B0051DADE /* BaseController.swift in Sources */,
				4479A5B42906C5850051DADE /* BaseView.swift in Sources */,
				44D34EE8290A610200A3B3AA /* WeekdayView.swift in Sources */,
				4479A58429067C450051DADE /* SessionController.swift in Sources */,
				449486212902DC5E00A483DA /* UIcolor + extension.swift in Sources */,
			);
			runOnlyForDeploymentPostprocessing = 0;
		};
/* End PBXSourcesBuildPhase section */

/* Begin PBXVariantGroup section */
		4423449A2902AA97005E57D6 /* LaunchScreen.storyboard */ = {
			isa = PBXVariantGroup;
			children = (
				4423449B2902AA97005E57D6 /* Base */,
			);
			name = LaunchScreen.storyboard;
			sourceTree = "<group>";
		};
/* End PBXVariantGroup section */

/* Begin XCBuildConfiguration section */
		4423449E2902AA97005E57D6 /* Debug */ = {
			isa = XCBuildConfiguration;
			buildSettings = {
				ALWAYS_SEARCH_USER_PATHS = NO;
				CLANG_ANALYZER_NONNULL = YES;
				CLANG_ANALYZER_NUMBER_OBJECT_CONVERSION = YES_AGGRESSIVE;
				CLANG_CXX_LANGUAGE_STANDARD = "gnu++20";
				CLANG_ENABLE_MODULES = YES;
				CLANG_ENABLE_OBJC_ARC = YES;
				CLANG_ENABLE_OBJC_WEAK = YES;
				CLANG_WARN_BLOCK_CAPTURE_AUTORELEASING = YES;
				CLANG_WARN_BOOL_CONVERSION = YES;
				CLANG_WARN_COMMA = YES;
				CLANG_WARN_CONSTANT_CONVERSION = YES;
				CLANG_WARN_DEPRECATED_OBJC_IMPLEMENTATIONS = YES;
				CLANG_WARN_DIRECT_OBJC_ISA_USAGE = YES_ERROR;
				CLANG_WARN_DOCUMENTATION_COMMENTS = YES;
				CLANG_WARN_EMPTY_BODY = YES;
				CLANG_WARN_ENUM_CONVERSION = YES;
				CLANG_WARN_INFINITE_RECURSION = YES;
				CLANG_WARN_INT_CONVERSION = YES;
				CLANG_WARN_NON_LITERAL_NULL_CONVERSION = YES;
				CLANG_WARN_OBJC_IMPLICIT_RETAIN_SELF = YES;
				CLANG_WARN_OBJC_LITERAL_CONVERSION = YES;
				CLANG_WARN_OBJC_ROOT_CLASS = YES_ERROR;
				CLANG_WARN_QUOTED_INCLUDE_IN_FRAMEWORK_HEADER = YES;
				CLANG_WARN_RANGE_LOOP_ANALYSIS = YES;
				CLANG_WARN_STRICT_PROTOTYPES = YES;
				CLANG_WARN_SUSPICIOUS_MOVE = YES;
				CLANG_WARN_UNGUARDED_AVAILABILITY = YES_AGGRESSIVE;
				CLANG_WARN_UNREACHABLE_CODE = YES;
				CLANG_WARN__DUPLICATE_METHOD_MATCH = YES;
				COPY_PHASE_STRIP = NO;
				DEBUG_INFORMATION_FORMAT = dwarf;
				ENABLE_STRICT_OBJC_MSGSEND = YES;
				ENABLE_TESTABILITY = YES;
				GCC_C_LANGUAGE_STANDARD = gnu11;
				GCC_DYNAMIC_NO_PIC = NO;
				GCC_NO_COMMON_BLOCKS = YES;
				GCC_OPTIMIZATION_LEVEL = 0;
				GCC_PREPROCESSOR_DEFINITIONS = (
					"DEBUG=1",
					"$(inherited)",
				);
				GCC_WARN_64_TO_32_BIT_CONVERSION = YES;
				GCC_WARN_ABOUT_RETURN_TYPE = YES_ERROR;
				GCC_WARN_UNDECLARED_SELECTOR = YES;
				GCC_WARN_UNINITIALIZED_AUTOS = YES_AGGRESSIVE;
				GCC_WARN_UNUSED_FUNCTION = YES;
				GCC_WARN_UNUSED_VARIABLE = YES;
				IPHONEOS_DEPLOYMENT_TARGET = 16.0;
				MTL_ENABLE_DEBUG_INFO = INCLUDE_SOURCE;
				MTL_FAST_MATH = YES;
				ONLY_ACTIVE_ARCH = YES;
				SDKROOT = iphoneos;
				SWIFT_ACTIVE_COMPILATION_CONDITIONS = DEBUG;
				SWIFT_OPTIMIZATION_LEVEL = "-Onone";
			};
			name = Debug;
		};
		4423449F2902AA97005E57D6 /* Release */ = {
			isa = XCBuildConfiguration;
			buildSettings = {
				ALWAYS_SEARCH_USER_PATHS = NO;
				CLANG_ANALYZER_NONNULL = YES;
				CLANG_ANALYZER_NUMBER_OBJECT_CONVERSION = YES_AGGRESSIVE;
				CLANG_CXX_LANGUAGE_STANDARD = "gnu++20";
				CLANG_ENABLE_MODULES = YES;
				CLANG_ENABLE_OBJC_ARC = YES;
				CLANG_ENABLE_OBJC_WEAK = YES;
				CLANG_WARN_BLOCK_CAPTURE_AUTORELEASING = YES;
				CLANG_WARN_BOOL_CONVERSION = YES;
				CLANG_WARN_COMMA = YES;
				CLANG_WARN_CONSTANT_CONVERSION = YES;
				CLANG_WARN_DEPRECATED_OBJC_IMPLEMENTATIONS = YES;
				CLANG_WARN_DIRECT_OBJC_ISA_USAGE = YES_ERROR;
				CLANG_WARN_DOCUMENTATION_COMMENTS = YES;
				CLANG_WARN_EMPTY_BODY = YES;
				CLANG_WARN_ENUM_CONVERSION = YES;
				CLANG_WARN_INFINITE_RECURSION = YES;
				CLANG_WARN_INT_CONVERSION = YES;
				CLANG_WARN_NON_LITERAL_NULL_CONVERSION = YES;
				CLANG_WARN_OBJC_IMPLICIT_RETAIN_SELF = YES;
				CLANG_WARN_OBJC_LITERAL_CONVERSION = YES;
				CLANG_WARN_OBJC_ROOT_CLASS = YES_ERROR;
				CLANG_WARN_QUOTED_INCLUDE_IN_FRAMEWORK_HEADER = YES;
				CLANG_WARN_RANGE_LOOP_ANALYSIS = YES;
				CLANG_WARN_STRICT_PROTOTYPES = YES;
				CLANG_WARN_SUSPICIOUS_MOVE = YES;
				CLANG_WARN_UNGUARDED_AVAILABILITY = YES_AGGRESSIVE;
				CLANG_WARN_UNREACHABLE_CODE = YES;
				CLANG_WARN__DUPLICATE_METHOD_MATCH = YES;
				COPY_PHASE_STRIP = NO;
				DEBUG_INFORMATION_FORMAT = "dwarf-with-dsym";
				ENABLE_NS_ASSERTIONS = NO;
				ENABLE_STRICT_OBJC_MSGSEND = YES;
				GCC_C_LANGUAGE_STANDARD = gnu11;
				GCC_NO_COMMON_BLOCKS = YES;
				GCC_WARN_64_TO_32_BIT_CONVERSION = YES;
				GCC_WARN_ABOUT_RETURN_TYPE = YES_ERROR;
				GCC_WARN_UNDECLARED_SELECTOR = YES;
				GCC_WARN_UNINITIALIZED_AUTOS = YES_AGGRESSIVE;
				GCC_WARN_UNUSED_FUNCTION = YES;
				GCC_WARN_UNUSED_VARIABLE = YES;
				IPHONEOS_DEPLOYMENT_TARGET = 16.0;
				MTL_ENABLE_DEBUG_INFO = NO;
				MTL_FAST_MATH = YES;
				SDKROOT = iphoneos;
				SWIFT_COMPILATION_MODE = wholemodule;
				SWIFT_OPTIMIZATION_LEVEL = "-O";
				VALIDATE_PRODUCT = YES;
			};
			name = Release;
		};
		442344A12902AA97005E57D6 /* Debug */ = {
			isa = XCBuildConfiguration;
			buildSettings = {
				ASSETCATALOG_COMPILER_APPICON_NAME = AppIcon;
				ASSETCATALOG_COMPILER_GLOBAL_ACCENT_COLOR_NAME = AccentColor;
				CODE_SIGN_STYLE = Automatic;
				CURRENT_PROJECT_VERSION = 1;
				DEVELOPMENT_TEAM = Q7D95C8V9R;
				GENERATE_INFOPLIST_FILE = YES;
				INFOPLIST_FILE = "Training app/SupportingFiles/Info.plist";
				INFOPLIST_KEY_UIApplicationSupportsIndirectInputEvents = YES;
				INFOPLIST_KEY_UILaunchStoryboardName = LaunchScreen;
				INFOPLIST_KEY_UISupportedInterfaceOrientations_iPad = "UIInterfaceOrientationPortrait UIInterfaceOrientationPortraitUpsideDown UIInterfaceOrientationLandscapeLeft UIInterfaceOrientationLandscapeRight";
				INFOPLIST_KEY_UISupportedInterfaceOrientations_iPhone = "UIInterfaceOrientationPortrait UIInterfaceOrientationLandscapeLeft UIInterfaceOrientationLandscapeRight";
				LD_RUNPATH_SEARCH_PATHS = (
					"$(inherited)",
					"@executable_path/Frameworks",
				);
				MARKETING_VERSION = 1.0;
				PRODUCT_BUNDLE_IDENTIFIER = "com.Exidna.art.Training-app";
				PRODUCT_NAME = "$(TARGET_NAME)";
				SWIFT_EMIT_LOC_STRINGS = YES;
				SWIFT_VERSION = 5.0;
				TARGETED_DEVICE_FAMILY = "1,2";
			};
			name = Debug;
		};
		442344A22902AA97005E57D6 /* Release */ = {
			isa = XCBuildConfiguration;
			buildSettings = {
				ASSETCATALOG_COMPILER_APPICON_NAME = AppIcon;
				ASSETCATALOG_COMPILER_GLOBAL_ACCENT_COLOR_NAME = AccentColor;
				CODE_SIGN_STYLE = Automatic;
				CURRENT_PROJECT_VERSION = 1;
				DEVELOPMENT_TEAM = Q7D95C8V9R;
				GENERATE_INFOPLIST_FILE = YES;
				INFOPLIST_FILE = "Training app/SupportingFiles/Info.plist";
				INFOPLIST_KEY_UIApplicationSupportsIndirectInputEvents = YES;
				INFOPLIST_KEY_UILaunchStoryboardName = LaunchScreen;
				INFOPLIST_KEY_UISupportedInterfaceOrientations_iPad = "UIInterfaceOrientationPortrait UIInterfaceOrientationPortraitUpsideDown UIInterfaceOrientationLandscapeLeft UIInterfaceOrientationLandscapeRight";
				INFOPLIST_KEY_UISupportedInterfaceOrientations_iPhone = "UIInterfaceOrientationPortrait UIInterfaceOrientationLandscapeLeft UIInterfaceOrientationLandscapeRight";
				LD_RUNPATH_SEARCH_PATHS = (
					"$(inherited)",
					"@executable_path/Frameworks",
				);
				MARKETING_VERSION = 1.0;
				PRODUCT_BUNDLE_IDENTIFIER = "com.Exidna.art.Training-app";
				PRODUCT_NAME = "$(TARGET_NAME)";
				SWIFT_EMIT_LOC_STRINGS = YES;
				SWIFT_VERSION = 5.0;
				TARGETED_DEVICE_FAMILY = "1,2";
			};
			name = Release;
		};
/* End XCBuildConfiguration section */

/* Begin XCConfigurationList section */
		442344872902AA96005E57D6 /* Build configuration list for PBXProject "Training app" */ = {
			isa = XCConfigurationList;
			buildConfigurations = (
				4423449E2902AA97005E57D6 /* Debug */,
				4423449F2902AA97005E57D6 /* Release */,
			);
			defaultConfigurationIsVisible = 0;
			defaultConfigurationName = Release;
		};
		442344A02902AA97005E57D6 /* Build configuration list for PBXNativeTarget "Training app" */ = {
			isa = XCConfigurationList;
			buildConfigurations = (
				442344A12902AA97005E57D6 /* Debug */,
				442344A22902AA97005E57D6 /* Release */,
			);
			defaultConfigurationIsVisible = 0;
			defaultConfigurationName = Release;
		};
/* End XCConfigurationList section */
	};
	rootObject = 442344842902AA96005E57D6 /* Project object */;
}
